{
  "name": "guessAnumber",
  "lockfileVersion": 2,
  "requires": true,
  "packages": {
    "": {
      "dependencies": {
        "analytics-benson": "^1.0.4"
      }
    },
    "node_modules/analytics-benson": {
      "version": "1.0.4",
      "resolved": "https://registry.npmjs.org/analytics-benson/-/analytics-benson-1.0.4.tgz",
      "integrity": "sha512-cDX2WebB1jea/YK2OU4uGGP9ZTNFRqvSrJ6m1NzJThtX6N8FoEfgsQtbkTdxo87cbVNlueccF3csxEaEyixOww=="
    }
  },
  "dependencies": {
    "analytics-benson": {
      "version": "1.0.4",
      "resolved": "https://registry.npmjs.org/analytics-benson/-/analytics-benson-1.0.4.tgz",
      "integrity": "sha512-cDX2WebB1jea/YK2OU4uGGP9ZTNFRqvSrJ6m1NzJThtX6N8FoEfgsQtbkTdxo87cbVNlueccF3csxEaEyixOww=="
    }
  }
}
