{
  "name": "guessAnumber",
  "lockfileVersion": 2,
  "requires": true,
  "packages": {
    "": {
      "dependencies": {
        "analytics-benson": "^1.0.6"
      }
    },
    "node_modules/analytics-benson": {
      "version": "1.0.6",
      "resolved": "https://registry.npmjs.org/analytics-benson/-/analytics-benson-1.0.6.tgz",
      "integrity": "sha512-kR1gkjAgfrhnFUH06hsA1+l2WMgHq0KUy52sRUKXYs74Z7FEzEAls0o6tt3xuC5yavzEncVW1md48pulY4bSZQ=="
    }
  },
  "dependencies": {
    "analytics-benson": {
      "version": "1.0.6",
      "resolved": "https://registry.npmjs.org/analytics-benson/-/analytics-benson-1.0.6.tgz",
      "integrity": "sha512-kR1gkjAgfrhnFUH06hsA1+l2WMgHq0KUy52sRUKXYs74Z7FEzEAls0o6tt3xuC5yavzEncVW1md48pulY4bSZQ=="
    }
  }
}
