{
  "name": "guessAnumber",
  "lockfileVersion": 2,
  "requires": true,
  "packages": {
    "": {
      "dependencies": {
        "analytics-benson": "^1.0.3"
      }
    },
    "node_modules/analytics-benson": {
      "version": "1.0.3",
      "resolved": "https://registry.npmjs.org/analytics-benson/-/analytics-benson-1.0.3.tgz",
      "integrity": "sha512-q7u2dG15gu3PiBVF0t3TqcV0aoLzo3SnYEzjAKB193yAbvUY9FXzyBtc7txe3bCLXgDGBHshujY6izebOF59rQ=="
    }
  },
  "dependencies": {
    "analytics-benson": {
      "version": "1.0.3",
      "resolved": "https://registry.npmjs.org/analytics-benson/-/analytics-benson-1.0.3.tgz",
      "integrity": "sha512-q7u2dG15gu3PiBVF0t3TqcV0aoLzo3SnYEzjAKB193yAbvUY9FXzyBtc7txe3bCLXgDGBHshujY6izebOF59rQ=="
    }
  }
}
